
Microsoft Visual Studio Solution File, Format Version 12.00
# Visual Studio Version 17
VisualStudioVersion = 17.5.33502.453
MinimumVisualStudioVersion = 10.0.40219.1
Project("{9A19103F-16F7-4668-BE54-9A1E7A4F7556}") = "01-variaveis-e-tipos-de-dados", "1.Variáveis e tipos de dados\01-variaveis-e-tipos-de-dados\01-variaveis-e-tipos-de-dados.csproj", "{3C644E7E-0684-441C-B497-5BA4382F0238}"
EndProject
Project("{9A19103F-16F7-4668-BE54-9A1E7A4F7556}") = "02-Estruturas-de-controle-de-fluxo", "2.Estruturas de controle de fluxo\02-Estruturas-de-controle-de-fluxo\02-Estruturas-de-controle-de-fluxo.csproj", "{9B509632-9426-41FC-8485-14EA733D9640}"
EndProject
Project("{9A19103F-16F7-4668-BE54-9A1E7A4F7556}") = "11-Colecoes", "11.Coleções\11-Colecoes\11-Colecoes.csproj", "{3FAA10CF-406E-4318-859A-0F27E4A09619}"
EndProject
Project("{9A19103F-16F7-4668-BE54-9A1E7A4F7556}") = "04-Array", "4.Array\04-Array\04-Array.csproj", "{8CC0D1EC-F85B-4EB7-B634-3FC3B86802E2}"
EndProject
Project("{9A19103F-16F7-4668-BE54-9A1E7A4F7556}") = "04-Funcoes", "3.Funções\04-Funcoes\04-Funcoes.csproj", "{336FB35B-AA9E-4421-BE85-0797E82443B6}"
EndProject
Project("{9A19103F-16F7-4668-BE54-9A1E7A4F7556}") = "05-Classes-e-objetos", "5.Classes e objetos\05-Classes-e-objetos\05-Classes-e-objetos.csproj", "{18D3E261-871A-4860-93C6-4650060041CA}"
EndProject
Project("{9A19103F-16F7-4668-BE54-9A1E7A4F7556}") = "06-Heranca", "6.Herança\05-Herança\06-Heranca.csproj", "{8B211196-8E86-4EA7-B381-C50FB1846832}"
EndProject
Project("{9A19103F-16F7-4668-BE54-9A1E7A4F7556}") = "07-Polimorfismo", "7.Polimorfismo\06-Polimorfismo\07-Polimorfismo.csproj", "{1DB686F4-7D5B-4FBF-ABEE-5598C05659C1}"
EndProject
Project("{9A19103F-16F7-4668-BE54-9A1E7A4F7556}") = "08-Encapsulamento", "8.Encapsulamento\08-Encapsulamento\08-Encapsulamento.csproj", "{8297C752-DB7A-4CA4-97F1-93C21C11015B}"
EndProject
Project("{9A19103F-16F7-4668-BE54-9A1E7A4F7556}") = "09-Interfaces", "9.Interfaces\09-Interfaces\09-Interfaces.csproj", "{A90D76A6-6819-4C38-9E31-CC7135E165C3}"
EndProject
Project("{9A19103F-16F7-4668-BE54-9A1E7A4F7556}") = "10-Tratamento-excecoes", "10.Tratamento de exceções\10-Tratamento-excecoes\10-Tratamento-excecoes.csproj", "{DE55CA41-21BF-489A-8DB7-C7662296DAFF}"
EndProject
Global
	GlobalSection(SolutionConfigurationPlatforms) = preSolution
		Debug|Any CPU = Debug|Any CPU
		Release|Any CPU = Release|Any CPU
	EndGlobalSection
	GlobalSection(ProjectConfigurationPlatforms) = postSolution
		{3C644E7E-0684-441C-B497-5BA4382F0238}.Debug|Any CPU.ActiveCfg = Debug|Any CPU
		{3C644E7E-0684-441C-B497-5BA4382F0238}.Debug|Any CPU.Build.0 = Debug|Any CPU
		{3C644E7E-0684-441C-B497-5BA4382F0238}.Release|Any CPU.ActiveCfg = Release|Any CPU
		{3C644E7E-0684-441C-B497-5BA4382F0238}.Release|Any CPU.Build.0 = Release|Any CPU
		{9B509632-9426-41FC-8485-14EA733D9640}.Debug|Any CPU.ActiveCfg = Debug|Any CPU
		{9B509632-9426-41FC-8485-14EA733D9640}.Debug|Any CPU.Build.0 = Debug|Any CPU
		{9B509632-9426-41FC-8485-14EA733D9640}.Release|Any CPU.ActiveCfg = Release|Any CPU
		{9B509632-9426-41FC-8485-14EA733D9640}.Release|Any CPU.Build.0 = Release|Any CPU
		{3FAA10CF-406E-4318-859A-0F27E4A09619}.Debug|Any CPU.ActiveCfg = Debug|Any CPU
		{3FAA10CF-406E-4318-859A-0F27E4A09619}.Debug|Any CPU.Build.0 = Debug|Any CPU
		{3FAA10CF-406E-4318-859A-0F27E4A09619}.Release|Any CPU.ActiveCfg = Release|Any CPU
		{3FAA10CF-406E-4318-859A-0F27E4A09619}.Release|Any CPU.Build.0 = Release|Any CPU
		{8CC0D1EC-F85B-4EB7-B634-3FC3B86802E2}.Debug|Any CPU.ActiveCfg = Debug|Any CPU
		{8CC0D1EC-F85B-4EB7-B634-3FC3B86802E2}.Debug|Any CPU.Build.0 = Debug|Any CPU
		{8CC0D1EC-F85B-4EB7-B634-3FC3B86802E2}.Release|Any CPU.ActiveCfg = Release|Any CPU
		{8CC0D1EC-F85B-4EB7-B634-3FC3B86802E2}.Release|Any CPU.Build.0 = Release|Any CPU
		{336FB35B-AA9E-4421-BE85-0797E82443B6}.Debug|Any CPU.ActiveCfg = Debug|Any CPU
		{336FB35B-AA9E-4421-BE85-0797E82443B6}.Debug|Any CPU.Build.0 = Debug|Any CPU
		{336FB35B-AA9E-4421-BE85-0797E82443B6}.Release|Any CPU.ActiveCfg = Release|Any CPU
		{336FB35B-AA9E-4421-BE85-0797E82443B6}.Release|Any CPU.Build.0 = Release|Any CPU
		{18D3E261-871A-4860-93C6-4650060041CA}.Debug|Any CPU.ActiveCfg = Debug|Any CPU
		{18D3E261-871A-4860-93C6-4650060041CA}.Debug|Any CPU.Build.0 = Debug|Any CPU
		{18D3E261-871A-4860-93C6-4650060041CA}.Release|Any CPU.ActiveCfg = Release|Any CPU
		{18D3E261-871A-4860-93C6-4650060041CA}.Release|Any CPU.Build.0 = Release|Any CPU
		{8B211196-8E86-4EA7-B381-C50FB1846832}.Debug|Any CPU.ActiveCfg = Debug|Any CPU
		{8B211196-8E86-4EA7-B381-C50FB1846832}.Debug|Any CPU.Build.0 = Debug|Any CPU
		{8B211196-8E86-4EA7-B381-C50FB1846832}.Release|Any CPU.ActiveCfg = Release|Any CPU
		{8B211196-8E86-4EA7-B381-C50FB1846832}.Release|Any CPU.Build.0 = Release|Any CPU
		{1DB686F4-7D5B-4FBF-ABEE-5598C05659C1}.Debug|Any CPU.ActiveCfg = Debug|Any CPU
		{1DB686F4-7D5B-4FBF-ABEE-5598C05659C1}.Debug|Any CPU.Build.0 = Debug|Any CPU
		{1DB686F4-7D5B-4FBF-ABEE-5598C05659C1}.Release|Any CPU.ActiveCfg = Release|Any CPU
		{1DB686F4-7D5B-4FBF-ABEE-5598C05659C1}.Release|Any CPU.Build.0 = Release|Any CPU
		{8297C752-DB7A-4CA4-97F1-93C21C11015B}.Debug|Any CPU.ActiveCfg = Debug|Any CPU
		{8297C752-DB7A-4CA4-97F1-93C21C11015B}.Debug|Any CPU.Build.0 = Debug|Any CPU
		{8297C752-DB7A-4CA4-97F1-93C21C11015B}.Release|Any CPU.ActiveCfg = Release|Any CPU
		{8297C752-DB7A-4CA4-97F1-93C21C11015B}.Release|Any CPU.Build.0 = Release|Any CPU
		{A90D76A6-6819-4C38-9E31-CC7135E165C3}.Debug|Any CPU.ActiveCfg = Debug|Any CPU
		{A90D76A6-6819-4C38-9E31-CC7135E165C3}.Debug|Any CPU.Build.0 = Debug|Any CPU
		{A90D76A6-6819-4C38-9E31-CC7135E165C3}.Release|Any CPU.ActiveCfg = Release|Any CPU
		{A90D76A6-6819-4C38-9E31-CC7135E165C3}.Release|Any CPU.Build.0 = Release|Any CPU
		{DE55CA41-21BF-489A-8DB7-C7662296DAFF}.Debug|Any CPU.ActiveCfg = Debug|Any CPU
		{DE55CA41-21BF-489A-8DB7-C7662296DAFF}.Debug|Any CPU.Build.0 = Debug|Any CPU
		{DE55CA41-21BF-489A-8DB7-C7662296DAFF}.Release|Any CPU.ActiveCfg = Release|Any CPU
		{DE55CA41-21BF-489A-8DB7-C7662296DAFF}.Release|Any CPU.Build.0 = Release|Any CPU
	EndGlobalSection
	GlobalSection(SolutionProperties) = preSolution
		HideSolutionNode = FALSE
	EndGlobalSection
	GlobalSection(ExtensibilityGlobals) = postSolution
		SolutionGuid = {8511E3F4-65F9-4165-8EE3-23EBD1183C50}
	EndGlobalSection
EndGlobal
