
Microsoft Visual Studio Solution File, Format Version 12.00
# Visual Studio Version 17
VisualStudioVersion = 17.5.33502.453
MinimumVisualStudioVersion = 10.0.40219.1
Project("{9A19103F-16F7-4668-BE54-9A1E7A4F7556}") = "01-variaveis-e-tipos-de-dados", "1.Variáveis e tipos de dados\01-variaveis-e-tipos-de-dados\01-variaveis-e-tipos-de-dados.csproj", "{3C644E7E-0684-441C-B497-5BA4382F0238}"
EndProject
Project("{9A19103F-16F7-4668-BE54-9A1E7A4F7556}") = "02-Estruturas-de-controle-de-fluxo", "2.Estruturas de controle de fluxo\02-Estruturas-de-controle-de-fluxo\02-Estruturas-de-controle-de-fluxo.csproj", "{9B509632-9426-41FC-8485-14EA733D9640}"
EndProject
Project("{9A19103F-16F7-4668-BE54-9A1E7A4F7556}") = "03-Array", "3.Array\03-Array\03-Array.csproj", "{F41D919C-6D13-4709-92EA-152F669B3029}"
EndProject
Project("{9A19103F-16F7-4668-BE54-9A1E7A4F7556}") = "04-Classes-e-objetos", "4.Classes e objetos\04-Classes-e-objetos\04-Classes-e-objetos.csproj", "{13E21163-F3E4-4C8B-B20F-B80212F1F982}"
EndProject
Project("{9A19103F-16F7-4668-BE54-9A1E7A4F7556}") = "07-Encapsulamento", "7.Encapsulamento\07-Encapsulamento\07-Encapsulamento.csproj", "{B55DAB19-E23E-4695-828A-2D3C2F584E52}"
EndProject
Project("{9A19103F-16F7-4668-BE54-9A1E7A4F7556}") = "05-Heranca", "5.Herança\05-Herança\05-Heranca.csproj", "{868986EB-D5E8-4F5D-8C6D-D5E8B6D6CC31}"
EndProject
Project("{FAE04EC0-301F-11D3-BF4B-00C04F79EFBC}") = "06-Polimorfismo", "6.Polimorfismo\06-Polimorfismo\06-Polimorfismo.csproj", "{947096FF-FC97-454B-89B1-BC011E9FE5AA}"
EndProject
Global
	GlobalSection(SolutionConfigurationPlatforms) = preSolution
		Debug|Any CPU = Debug|Any CPU
		Release|Any CPU = Release|Any CPU
	EndGlobalSection
	GlobalSection(ProjectConfigurationPlatforms) = postSolution
		{3C644E7E-0684-441C-B497-5BA4382F0238}.Debug|Any CPU.ActiveCfg = Debug|Any CPU
		{3C644E7E-0684-441C-B497-5BA4382F0238}.Debug|Any CPU.Build.0 = Debug|Any CPU
		{3C644E7E-0684-441C-B497-5BA4382F0238}.Release|Any CPU.ActiveCfg = Release|Any CPU
		{3C644E7E-0684-441C-B497-5BA4382F0238}.Release|Any CPU.Build.0 = Release|Any CPU
		{9B509632-9426-41FC-8485-14EA733D9640}.Debug|Any CPU.ActiveCfg = Debug|Any CPU
		{9B509632-9426-41FC-8485-14EA733D9640}.Debug|Any CPU.Build.0 = Debug|Any CPU
		{9B509632-9426-41FC-8485-14EA733D9640}.Release|Any CPU.ActiveCfg = Release|Any CPU
		{9B509632-9426-41FC-8485-14EA733D9640}.Release|Any CPU.Build.0 = Release|Any CPU
		{F41D919C-6D13-4709-92EA-152F669B3029}.Debug|Any CPU.ActiveCfg = Debug|Any CPU
		{F41D919C-6D13-4709-92EA-152F669B3029}.Debug|Any CPU.Build.0 = Debug|Any CPU
		{F41D919C-6D13-4709-92EA-152F669B3029}.Release|Any CPU.ActiveCfg = Release|Any CPU
		{F41D919C-6D13-4709-92EA-152F669B3029}.Release|Any CPU.Build.0 = Release|Any CPU
		{13E21163-F3E4-4C8B-B20F-B80212F1F982}.Debug|Any CPU.ActiveCfg = Debug|Any CPU
		{13E21163-F3E4-4C8B-B20F-B80212F1F982}.Debug|Any CPU.Build.0 = Debug|Any CPU
		{13E21163-F3E4-4C8B-B20F-B80212F1F982}.Release|Any CPU.ActiveCfg = Release|Any CPU
		{13E21163-F3E4-4C8B-B20F-B80212F1F982}.Release|Any CPU.Build.0 = Release|Any CPU
		{B55DAB19-E23E-4695-828A-2D3C2F584E52}.Debug|Any CPU.ActiveCfg = Debug|Any CPU
		{B55DAB19-E23E-4695-828A-2D3C2F584E52}.Debug|Any CPU.Build.0 = Debug|Any CPU
		{B55DAB19-E23E-4695-828A-2D3C2F584E52}.Release|Any CPU.ActiveCfg = Release|Any CPU
		{B55DAB19-E23E-4695-828A-2D3C2F584E52}.Release|Any CPU.Build.0 = Release|Any CPU
		{868986EB-D5E8-4F5D-8C6D-D5E8B6D6CC31}.Debug|Any CPU.ActiveCfg = Debug|Any CPU
		{868986EB-D5E8-4F5D-8C6D-D5E8B6D6CC31}.Debug|Any CPU.Build.0 = Debug|Any CPU
		{868986EB-D5E8-4F5D-8C6D-D5E8B6D6CC31}.Release|Any CPU.ActiveCfg = Release|Any CPU
		{868986EB-D5E8-4F5D-8C6D-D5E8B6D6CC31}.Release|Any CPU.Build.0 = Release|Any CPU
		{947096FF-FC97-454B-89B1-BC011E9FE5AA}.Debug|Any CPU.ActiveCfg = Debug|Any CPU
		{947096FF-FC97-454B-89B1-BC011E9FE5AA}.Debug|Any CPU.Build.0 = Debug|Any CPU
		{947096FF-FC97-454B-89B1-BC011E9FE5AA}.Release|Any CPU.ActiveCfg = Release|Any CPU
		{947096FF-FC97-454B-89B1-BC011E9FE5AA}.Release|Any CPU.Build.0 = Release|Any CPU
	EndGlobalSection
	GlobalSection(SolutionProperties) = preSolution
		HideSolutionNode = FALSE
	EndGlobalSection
	GlobalSection(ExtensibilityGlobals) = postSolution
		SolutionGuid = {8511E3F4-65F9-4165-8EE3-23EBD1183C50}
	EndGlobalSection
EndGlobal
